
Microsoft Visual Studio Solution File, Format Version 12.00
# Visual Studio Version 17
VisualStudioVersion = 17.8.34316.72
MinimumVisualStudioVersion = 10.0.40219.1
Project("{9A19103F-16F7-4668-BE54-9A1E7A4F7556}") = "ContactList.Application", "..\Contact\ContactList.Application\ContactList.Application.csproj", "{1D187721-F75D-45C0-ADD3-C4AF169D5D45}"
EndProject
Project("{9A19103F-16F7-4668-BE54-9A1E7A4F7556}") = "ContactList.Core", "..\Contact\ContactList.Core\ContactList.Core.csproj", "{EBC49CEB-00C5-4841-965F-54835E9DF68D}"
EndProject
Project("{9A19103F-16F7-4668-BE54-9A1E7A4F7556}") = "ContactList.Infrastructure", "..\Contact\ContactList.Infrastructure\ContactList.Infrastructure.csproj", "{DB089A5C-37BC-4F06-86AB-FC8C4E368A82}"
EndProject
Project("{9A19103F-16F7-4668-BE54-9A1E7A4F7556}") = "ContactList.API", "ContactList.API\ContactList.API.csproj", "{17368CE5-5758-4211-AFE8-90FB5A7194B0}"
EndProject
Project("{FAE04EC0-301F-11D3-BF4B-00C04F79EFBC}") = "ContactList.Test", "ContactList.Test\ContactList.Test.csproj", "{359D1C3A-FF19-4BB1-87A5-D3D02F16E024}"
EndProject
Project("{2150E333-8FDC-42A3-9474-1A3956D46DE8}") = "DBBackup", "DBBackup", "{C229A8D8-4BB9-4CCC-81B3-049C55A4BFC2}"
	ProjectSection(SolutionItems) = preProject
		D:\Revamp_Backup\ContactList.BAK = D:\Revamp_Backup\ContactList.BAK
	EndProjectSection
EndProject
Global
	GlobalSection(SolutionConfigurationPlatforms) = preSolution
		Debug|Any CPU = Debug|Any CPU
		Release|Any CPU = Release|Any CPU
	EndGlobalSection
	GlobalSection(ProjectConfigurationPlatforms) = postSolution
		{1D187721-F75D-45C0-ADD3-C4AF169D5D45}.Debug|Any CPU.ActiveCfg = Debug|Any CPU
		{1D187721-F75D-45C0-ADD3-C4AF169D5D45}.Debug|Any CPU.Build.0 = Debug|Any CPU
		{1D187721-F75D-45C0-ADD3-C4AF169D5D45}.Release|Any CPU.ActiveCfg = Release|Any CPU
		{1D187721-F75D-45C0-ADD3-C4AF169D5D45}.Release|Any CPU.Build.0 = Release|Any CPU
		{EBC49CEB-00C5-4841-965F-54835E9DF68D}.Debug|Any CPU.ActiveCfg = Debug|Any CPU
		{EBC49CEB-00C5-4841-965F-54835E9DF68D}.Debug|Any CPU.Build.0 = Debug|Any CPU
		{EBC49CEB-00C5-4841-965F-54835E9DF68D}.Release|Any CPU.ActiveCfg = Release|Any CPU
		{EBC49CEB-00C5-4841-965F-54835E9DF68D}.Release|Any CPU.Build.0 = Release|Any CPU
		{DB089A5C-37BC-4F06-86AB-FC8C4E368A82}.Debug|Any CPU.ActiveCfg = Debug|Any CPU
		{DB089A5C-37BC-4F06-86AB-FC8C4E368A82}.Debug|Any CPU.Build.0 = Debug|Any CPU
		{DB089A5C-37BC-4F06-86AB-FC8C4E368A82}.Release|Any CPU.ActiveCfg = Release|Any CPU
		{DB089A5C-37BC-4F06-86AB-FC8C4E368A82}.Release|Any CPU.Build.0 = Release|Any CPU
		{17368CE5-5758-4211-AFE8-90FB5A7194B0}.Debug|Any CPU.ActiveCfg = Debug|Any CPU
		{17368CE5-5758-4211-AFE8-90FB5A7194B0}.Debug|Any CPU.Build.0 = Debug|Any CPU
		{17368CE5-5758-4211-AFE8-90FB5A7194B0}.Release|Any CPU.ActiveCfg = Release|Any CPU
		{17368CE5-5758-4211-AFE8-90FB5A7194B0}.Release|Any CPU.Build.0 = Release|Any CPU
		{359D1C3A-FF19-4BB1-87A5-D3D02F16E024}.Debug|Any CPU.ActiveCfg = Debug|Any CPU
		{359D1C3A-FF19-4BB1-87A5-D3D02F16E024}.Debug|Any CPU.Build.0 = Debug|Any CPU
		{359D1C3A-FF19-4BB1-87A5-D3D02F16E024}.Release|Any CPU.ActiveCfg = Release|Any CPU
		{359D1C3A-FF19-4BB1-87A5-D3D02F16E024}.Release|Any CPU.Build.0 = Release|Any CPU
	EndGlobalSection
	GlobalSection(SolutionProperties) = preSolution
		HideSolutionNode = FALSE
	EndGlobalSection
	GlobalSection(ExtensibilityGlobals) = postSolution
		SolutionGuid = {167AF7EF-8290-4CEF-8D38-0D68A45D91DE}
	EndGlobalSection
EndGlobal
